
Microsoft Visual Studio Solution File, Format Version 12.00
# Visual Studio Version 16
VisualStudioVersion = 16.0.32126.315
MinimumVisualStudioVersion = 10.0.40219.1
Project("{FAE04EC0-301F-11D3-BF4B-00C04F79EFBC}") = "DoctorWho.Web", "DoctorWho.Web\DoctorWho.Web.csproj", "{0A69A459-3B8E-47E7-98AC-D489E4C4E0A9}"
EndProject
Project("{9A19103F-16F7-4668-BE54-9A1E7A4F7556}") = "DoctorWho.Db", "..\DoctorWhoCore\DoctorWho.Db\DoctorWho.Db.csproj", "{7A77320E-C18A-45CB-8938-A44E42E7415B}"
EndProject
Global
	GlobalSection(SolutionConfigurationPlatforms) = preSolution
		Debug|Any CPU = Debug|Any CPU
		Release|Any CPU = Release|Any CPU
	EndGlobalSection
	GlobalSection(ProjectConfigurationPlatforms) = postSolution
		{0A69A459-3B8E-47E7-98AC-D489E4C4E0A9}.Debug|Any CPU.ActiveCfg = Debug|Any CPU
		{0A69A459-3B8E-47E7-98AC-D489E4C4E0A9}.Debug|Any CPU.Build.0 = Debug|Any CPU
		{0A69A459-3B8E-47E7-98AC-D489E4C4E0A9}.Release|Any CPU.ActiveCfg = Release|Any CPU
		{0A69A459-3B8E-47E7-98AC-D489E4C4E0A9}.Release|Any CPU.Build.0 = Release|Any CPU
		{7A77320E-C18A-45CB-8938-A44E42E7415B}.Debug|Any CPU.ActiveCfg = Debug|Any CPU
		{7A77320E-C18A-45CB-8938-A44E42E7415B}.Debug|Any CPU.Build.0 = Debug|Any CPU
		{7A77320E-C18A-45CB-8938-A44E42E7415B}.Release|Any CPU.ActiveCfg = Release|Any CPU
		{7A77320E-C18A-45CB-8938-A44E42E7415B}.Release|Any CPU.Build.0 = Release|Any CPU
	EndGlobalSection
	GlobalSection(SolutionProperties) = preSolution
		HideSolutionNode = FALSE
	EndGlobalSection
	GlobalSection(ExtensibilityGlobals) = postSolution
		SolutionGuid = {B3125DF3-C20E-4E12-9C00-FC5BBF4FB069}
	EndGlobalSection
EndGlobal
